%{"bbmustache": {:hex, :bbmustache, "1.0.4", "7ba94f971c5afd7b6617918a4bb74705e36cab36eb84b19b6a1b7ee06427aa38", [:rebar], []},
  "cf": {:hex, :cf, "0.2.1", "69d0b1349fd4d7d4dc55b7f407d29d7a840bf9a1ef5af529f1ebe0ce153fc2ab", [:rebar3], []},
  "conform": {:hex, :conform, "0.17.0", "e3610a337b7c44beb829f176cbb0795f78fe53a0183a524a04e0ebe0f76f9113", [:mix], [{:neotoma, "~> 1.7.3", [hex: :neotoma, optional: false]}]},
  "cowboy": {:git, "https://github.com/ninenines/cowboy.git", "db52494371ea249f38d51108c7d79cf487ff6374", [tag: "0.9.0"]},
  "cowlib": {:git, "git://github.com/extend/cowlib.git", "63298e8e160031a70efff86a1acde7e7db1fcda6", [ref: "0.4.0"]},
  "erlware_commons": {:hex, :erlware_commons, "0.21.0", "a04433071ad7d112edefc75ac77719dd3e6753e697ac09428fc83d7564b80b15", [:rebar3], [{:cf, "0.2.1", [hex: :cf, optional: false]}]},
  "exactor": {:git, "https://github.com/sasa1977/exactor.git", "0467f8100bc735405d597dbf94996195eb31e0b6", [tag: "0467f8100bc735405d597dbf94996195eb31e0b6"]},
  "exrm": {:git, "https://github.com/bitwalker/exrm.git", "ba7596cdc9f303708d7279b223408c19219c2ca3", [tag: "0.19.9"]},
  "extask": {:git, "https://github.com/timCF/extask.git", "691cc1a515750bead8b81ed6c13cddbcf115d754", []},
  "exutils": {:git, "https://github.com/timCF/exutils.git", "97dcc4c6f1d679ae77f8203ee8ba2dafa6c871c0", []},
  "getopt": {:hex, :getopt, "0.8.2", "b17556db683000ba50370b16c0619df1337e7af7ecbf7d64fbf8d1d6bce3109b", [:rebar], []},
  "hashex": {:git, "https://github.com/timCF/hashex.git", "d10a5f3e724e7be016c9ff7420ef5eb3780c3dae", []},
  "jazz": {:git, "https://github.com/meh/jazz.git", "49f335492aca5516495199dd81dd18b845ebaa69", []},
  "logex": {:git, "https://github.com/timCF/logex.git", "cec2390f0fa3772a2717e10d969e2f400c6fe5df", []},
  "maybe": {:git, "https://github.com/timCF/maybe.git", "ce235c33dfb626934159b23a3abe296e075f0522", []},
  "neotoma": {:hex, :neotoma, "1.7.3", "d8bd5404b73273989946e4f4f6d529e5c2088f5fa1ca790b4dbe81f4be408e61", [:rebar], []},
  "providers": {:hex, :providers, "1.6.0", "db0e2f9043ae60c0155205fcd238d68516331d0e5146155e33d1e79dc452964a", [:rebar3], [{:getopt, "0.8.2", [hex: :getopt, optional: false]}]},
  "quickrand": {:hex, :quickrand, "1.6.0", "33a277a639c442d77ab5c1eea4641a49e3f034fd13658bb57e192a6e083fe77d", [:rebar3], []},
  "ranch": {:git, "git://github.com/extend/ranch.git", "5df1f222f94e08abdcab7084f5e13027143cc222", [ref: "0.9.0"]},
  "relx": {:git, "https://github.com/erlware/relx.git", "9168eab9d949cb5fb3fe09b9e73cf404295e97ff", [tag: "v3.20.0"]},
  "silverb": {:git, "https://github.com/timCF/silverb.git", "001edcb0b9489fdcc79e6105f74355e5e834712f", []},
  "tinca": {:git, "https://github.com/timCF/tinca.git", "297e4cb1eafd9b1b2854c1e9550e28a15acba8fa", []},
  "uuid": {:git, "https://github.com/okeuday/uuid.git", "41c3725fe87a11f7d2e77463dcff72eb11fcdee0", []},
  "wwwest_lite": {:git, "https://github.com/timCF/wwwest_lite.git", "e56d8441ec4c3d0905c8a919d4570523ef94ba47", [tag: "e56d8441ec4c3d0905c8a919d4570523ef94ba47"]},
  "xmlex": {:git, "https://github.com/timCF/xmlex.git", "e4f02ad350f97dca89a471b05eb7554b192a5f4c", []}}
